
Microsoft Visual Studio Solution File, Format Version 12.00
# Visual Studio Version 16
VisualStudioVersion = 16.0.33927.289
MinimumVisualStudioVersion = 10.0.40219.1
Project("{2150E333-8FDC-42A3-9474-1A3956D46DE8}") = "Task0", "Task0", "{7D692760-D05C-4645-A79E-8A34750249C4}"
EndProject
Project("{FAE04EC0-301F-11D3-BF4B-00C04F79EFBC}") = "Tyuiu.PoznyakIA.Sprint6.Task0.V10.Lib", "Tyuiu.PoznyakIA.Sprint6.Task0.V10.Lib\Tyuiu.PoznyakIA.Sprint6.Task0.V10.Lib.csproj", "{B5F2AAA5-2E82-4A5E-8EB6-D56E515AE901}"
EndProject
Project("{FAE04EC0-301F-11D3-BF4B-00C04F79EFBC}") = "Tyuiu.PoznyakIA.Sprint6.Task0.V10.Test", "Tyuiu.PoznyakIA.Sprint6.Task0.V10.Test\Tyuiu.PoznyakIA.Sprint6.Task0.V10.Test.csproj", "{518CE325-C8FC-45DC-9847-4CE27DA6F679}"
EndProject
Project("{FAE04EC0-301F-11D3-BF4B-00C04F79EFBC}") = "Tyuiu.PoznyakIA.Sprint6.Task0.V10", "Tyuiu.PoznyakIA.Sprint6.Task0.V10\Tyuiu.PoznyakIA.Sprint6.Task0.V10.csproj", "{AA34C30C-9DB8-4383-B880-27A3D0785B47}"
EndProject
Project("{2150E333-8FDC-42A3-9474-1A3956D46DE8}") = "Task1", "Task1", "{EBAC8CEB-D0A4-4863-B663-507D67F8A41E}"
EndProject
Project("{FAE04EC0-301F-11D3-BF4B-00C04F79EFBC}") = "Tyuiu.PoznyakIA.Sprint6.Task1.V29.Lib", "Tyuiu.PoznyakIA.Sprint6.Task1.V29.Lib\Tyuiu.PoznyakIA.Sprint6.Task1.V29.Lib.csproj", "{33DB64DE-8F30-4068-90FC-BA0544C0AD9B}"
EndProject
Project("{FAE04EC0-301F-11D3-BF4B-00C04F79EFBC}") = "Tyuiu.PoznyakIA.Sprint6.Task1.V29", "Tyuiu.PoznyakIA.Sprint6.Task1.V29\Tyuiu.PoznyakIA.Sprint6.Task1.V29.csproj", "{D7ED81B5-C349-468E-8319-B92A29BE898E}"
EndProject
Project("{FAE04EC0-301F-11D3-BF4B-00C04F79EFBC}") = "Tyuiu.PoznyakIA.Sprint6.Task1.V29.Test", "Tyuiu.PoznyakIA.Sprint6.Task1.V29.Test\Tyuiu.PoznyakIA.Sprint6.Task1.V29.Test.csproj", "{602BB53A-759C-4311-9719-9D210D9C3FD8}"
EndProject
Project("{2150E333-8FDC-42A3-9474-1A3956D46DE8}") = "Task2", "Task2", "{851FD869-986E-4970-A338-8CFDFE13F7C2}"
EndProject
Project("{FAE04EC0-301F-11D3-BF4B-00C04F79EFBC}") = "Tyuiu.PoznyakIA.Sprint6.Task2.V14", "Tyuiu.PoznyakIA.Sprint6.Task2.V14\Tyuiu.PoznyakIA.Sprint6.Task2.V14.csproj", "{26D41B53-6D5C-4CA4-BEA3-F2AE25E102AC}"
EndProject
Project("{FAE04EC0-301F-11D3-BF4B-00C04F79EFBC}") = "Tyuiu.PoznyakIA.Sprint6.Task2.V14.Lib", "Tyuiu.PoznyakIA.Sprint6.Task2.V14.Lib\Tyuiu.PoznyakIA.Sprint6.Task2.V14.Lib.csproj", "{65128935-AF89-46C8-9C6A-AD36C9354169}"
EndProject
Project("{FAE04EC0-301F-11D3-BF4B-00C04F79EFBC}") = "Tyuiu.PoznyakIA.Sprint6.Task2.V14.Test", "Tyuiu.PoznyakIA.Sprint6.Task2.V14.Test\Tyuiu.PoznyakIA.Sprint6.Task2.V14.Test.csproj", "{133D4E1E-1C12-4357-8BE3-A687CF1788BC}"
EndProject
Project("{2150E333-8FDC-42A3-9474-1A3956D46DE8}") = "Task3", "Task3", "{B50628D6-B900-4578-B9A6-BF5CF941FA12}"
EndProject
Project("{FAE04EC0-301F-11D3-BF4B-00C04F79EFBC}") = "Tyuiu.PoznyakIA.Sprint6.Task3.V16", "Tyuiu.PoznyakIA.Sprint6.Task3.V16\Tyuiu.PoznyakIA.Sprint6.Task3.V16.csproj", "{C9616DC2-B1F8-44BA-801B-00F81485E769}"
EndProject
Project("{FAE04EC0-301F-11D3-BF4B-00C04F79EFBC}") = "Tyuiu.PoznyakIA.Sprint6.Task3.V16.Lib", "Tyuiu.PoznyakIA.Sprint6.Task3.V16.Lib\Tyuiu.PoznyakIA.Sprint6.Task3.V16.Lib.csproj", "{C8444499-41F0-4F48-A0D4-67C2039CD0AA}"
EndProject
Project("{FAE04EC0-301F-11D3-BF4B-00C04F79EFBC}") = "Tyuiu.PoznyakIA.Sprint6.Task3.V16.Test", "Tyuiu.PoznyakIA.Sprint6.Task3.V16.Test\Tyuiu.PoznyakIA.Sprint6.Task3.V16.Test.csproj", "{26F8AEA8-57D9-483B-88D9-BFFA5C6EC6DA}"
EndProject
Global
	GlobalSection(SolutionConfigurationPlatforms) = preSolution
		Debug|Any CPU = Debug|Any CPU
		Release|Any CPU = Release|Any CPU
	EndGlobalSection
	GlobalSection(ProjectConfigurationPlatforms) = postSolution
		{B5F2AAA5-2E82-4A5E-8EB6-D56E515AE901}.Debug|Any CPU.ActiveCfg = Debug|Any CPU
		{B5F2AAA5-2E82-4A5E-8EB6-D56E515AE901}.Debug|Any CPU.Build.0 = Debug|Any CPU
		{B5F2AAA5-2E82-4A5E-8EB6-D56E515AE901}.Release|Any CPU.ActiveCfg = Release|Any CPU
		{B5F2AAA5-2E82-4A5E-8EB6-D56E515AE901}.Release|Any CPU.Build.0 = Release|Any CPU
		{518CE325-C8FC-45DC-9847-4CE27DA6F679}.Debug|Any CPU.ActiveCfg = Debug|Any CPU
		{518CE325-C8FC-45DC-9847-4CE27DA6F679}.Debug|Any CPU.Build.0 = Debug|Any CPU
		{518CE325-C8FC-45DC-9847-4CE27DA6F679}.Release|Any CPU.ActiveCfg = Release|Any CPU
		{518CE325-C8FC-45DC-9847-4CE27DA6F679}.Release|Any CPU.Build.0 = Release|Any CPU
		{AA34C30C-9DB8-4383-B880-27A3D0785B47}.Debug|Any CPU.ActiveCfg = Debug|Any CPU
		{AA34C30C-9DB8-4383-B880-27A3D0785B47}.Debug|Any CPU.Build.0 = Debug|Any CPU
		{AA34C30C-9DB8-4383-B880-27A3D0785B47}.Release|Any CPU.ActiveCfg = Release|Any CPU
		{AA34C30C-9DB8-4383-B880-27A3D0785B47}.Release|Any CPU.Build.0 = Release|Any CPU
		{33DB64DE-8F30-4068-90FC-BA0544C0AD9B}.Debug|Any CPU.ActiveCfg = Debug|Any CPU
		{33DB64DE-8F30-4068-90FC-BA0544C0AD9B}.Debug|Any CPU.Build.0 = Debug|Any CPU
		{33DB64DE-8F30-4068-90FC-BA0544C0AD9B}.Release|Any CPU.ActiveCfg = Release|Any CPU
		{33DB64DE-8F30-4068-90FC-BA0544C0AD9B}.Release|Any CPU.Build.0 = Release|Any CPU
		{D7ED81B5-C349-468E-8319-B92A29BE898E}.Debug|Any CPU.ActiveCfg = Debug|Any CPU
		{D7ED81B5-C349-468E-8319-B92A29BE898E}.Debug|Any CPU.Build.0 = Debug|Any CPU
		{D7ED81B5-C349-468E-8319-B92A29BE898E}.Release|Any CPU.ActiveCfg = Release|Any CPU
		{D7ED81B5-C349-468E-8319-B92A29BE898E}.Release|Any CPU.Build.0 = Release|Any CPU
		{602BB53A-759C-4311-9719-9D210D9C3FD8}.Debug|Any CPU.ActiveCfg = Debug|Any CPU
		{602BB53A-759C-4311-9719-9D210D9C3FD8}.Debug|Any CPU.Build.0 = Debug|Any CPU
		{602BB53A-759C-4311-9719-9D210D9C3FD8}.Release|Any CPU.ActiveCfg = Release|Any CPU
		{602BB53A-759C-4311-9719-9D210D9C3FD8}.Release|Any CPU.Build.0 = Release|Any CPU
		{26D41B53-6D5C-4CA4-BEA3-F2AE25E102AC}.Debug|Any CPU.ActiveCfg = Debug|Any CPU
		{26D41B53-6D5C-4CA4-BEA3-F2AE25E102AC}.Debug|Any CPU.Build.0 = Debug|Any CPU
		{26D41B53-6D5C-4CA4-BEA3-F2AE25E102AC}.Release|Any CPU.ActiveCfg = Release|Any CPU
		{26D41B53-6D5C-4CA4-BEA3-F2AE25E102AC}.Release|Any CPU.Build.0 = Release|Any CPU
		{65128935-AF89-46C8-9C6A-AD36C9354169}.Debug|Any CPU.ActiveCfg = Debug|Any CPU
		{65128935-AF89-46C8-9C6A-AD36C9354169}.Debug|Any CPU.Build.0 = Debug|Any CPU
		{65128935-AF89-46C8-9C6A-AD36C9354169}.Release|Any CPU.ActiveCfg = Release|Any CPU
		{65128935-AF89-46C8-9C6A-AD36C9354169}.Release|Any CPU.Build.0 = Release|Any CPU
		{133D4E1E-1C12-4357-8BE3-A687CF1788BC}.Debug|Any CPU.ActiveCfg = Debug|Any CPU
		{133D4E1E-1C12-4357-8BE3-A687CF1788BC}.Debug|Any CPU.Build.0 = Debug|Any CPU
		{133D4E1E-1C12-4357-8BE3-A687CF1788BC}.Release|Any CPU.ActiveCfg = Release|Any CPU
		{133D4E1E-1C12-4357-8BE3-A687CF1788BC}.Release|Any CPU.Build.0 = Release|Any CPU
		{C9616DC2-B1F8-44BA-801B-00F81485E769}.Debug|Any CPU.ActiveCfg = Debug|Any CPU
		{C9616DC2-B1F8-44BA-801B-00F81485E769}.Debug|Any CPU.Build.0 = Debug|Any CPU
		{C9616DC2-B1F8-44BA-801B-00F81485E769}.Release|Any CPU.ActiveCfg = Release|Any CPU
		{C9616DC2-B1F8-44BA-801B-00F81485E769}.Release|Any CPU.Build.0 = Release|Any CPU
		{C8444499-41F0-4F48-A0D4-67C2039CD0AA}.Debug|Any CPU.ActiveCfg = Debug|Any CPU
		{C8444499-41F0-4F48-A0D4-67C2039CD0AA}.Debug|Any CPU.Build.0 = Debug|Any CPU
		{C8444499-41F0-4F48-A0D4-67C2039CD0AA}.Release|Any CPU.ActiveCfg = Release|Any CPU
		{C8444499-41F0-4F48-A0D4-67C2039CD0AA}.Release|Any CPU.Build.0 = Release|Any CPU
		{26F8AEA8-57D9-483B-88D9-BFFA5C6EC6DA}.Debug|Any CPU.ActiveCfg = Debug|Any CPU
		{26F8AEA8-57D9-483B-88D9-BFFA5C6EC6DA}.Debug|Any CPU.Build.0 = Debug|Any CPU
		{26F8AEA8-57D9-483B-88D9-BFFA5C6EC6DA}.Release|Any CPU.ActiveCfg = Release|Any CPU
		{26F8AEA8-57D9-483B-88D9-BFFA5C6EC6DA}.Release|Any CPU.Build.0 = Release|Any CPU
	EndGlobalSection
	GlobalSection(SolutionProperties) = preSolution
		HideSolutionNode = FALSE
	EndGlobalSection
	GlobalSection(NestedProjects) = preSolution
		{B5F2AAA5-2E82-4A5E-8EB6-D56E515AE901} = {7D692760-D05C-4645-A79E-8A34750249C4}
		{518CE325-C8FC-45DC-9847-4CE27DA6F679} = {7D692760-D05C-4645-A79E-8A34750249C4}
		{AA34C30C-9DB8-4383-B880-27A3D0785B47} = {7D692760-D05C-4645-A79E-8A34750249C4}
		{33DB64DE-8F30-4068-90FC-BA0544C0AD9B} = {EBAC8CEB-D0A4-4863-B663-507D67F8A41E}
		{D7ED81B5-C349-468E-8319-B92A29BE898E} = {EBAC8CEB-D0A4-4863-B663-507D67F8A41E}
		{602BB53A-759C-4311-9719-9D210D9C3FD8} = {EBAC8CEB-D0A4-4863-B663-507D67F8A41E}
		{26D41B53-6D5C-4CA4-BEA3-F2AE25E102AC} = {851FD869-986E-4970-A338-8CFDFE13F7C2}
		{65128935-AF89-46C8-9C6A-AD36C9354169} = {851FD869-986E-4970-A338-8CFDFE13F7C2}
		{133D4E1E-1C12-4357-8BE3-A687CF1788BC} = {851FD869-986E-4970-A338-8CFDFE13F7C2}
		{C9616DC2-B1F8-44BA-801B-00F81485E769} = {B50628D6-B900-4578-B9A6-BF5CF941FA12}
		{C8444499-41F0-4F48-A0D4-67C2039CD0AA} = {B50628D6-B900-4578-B9A6-BF5CF941FA12}
		{26F8AEA8-57D9-483B-88D9-BFFA5C6EC6DA} = {B50628D6-B900-4578-B9A6-BF5CF941FA12}
	EndGlobalSection
	GlobalSection(ExtensibilityGlobals) = postSolution
		SolutionGuid = {59CACEE8-3286-417E-92D6-0DAF5C5D116D}
	EndGlobalSection
EndGlobal
